
Microsoft Visual Studio Solution File, Format Version 11.00
# Visual Studio 2010
Project("{FAE04EC0-301F-11D3-BF4B-00C04F79EFBC}") = "Assembly-CSharp", "Assembly-CSharp.csproj", "{be5d7332-04ea-93ba-51d8-1be73f9e6252}"
EndProject
Project("{FAE04EC0-301F-11D3-BF4B-00C04F79EFBC}") = "Assembly-CSharp-firstpass", "Assembly-CSharp-firstpass.csproj", "{9ab0514f-eaae-1c6e-829a-00275bb700b3}"
EndProject
Global
	GlobalSection(SolutionConfigurationPlatforms) = preSolution
		Debug|Any CPU = Debug|Any CPU
	EndGlobalSection
	GlobalSection(ProjectConfigurationPlatforms) = postSolution
		{be5d7332-04ea-93ba-51d8-1be73f9e6252}.Debug|Any CPU.ActiveCfg = Debug|Any CPU
		{be5d7332-04ea-93ba-51d8-1be73f9e6252}.Debug|Any CPU.Build.0 = Debug|Any CPU
		{9ab0514f-eaae-1c6e-829a-00275bb700b3}.Debug|Any CPU.ActiveCfg = Debug|Any CPU
		{9ab0514f-eaae-1c6e-829a-00275bb700b3}.Debug|Any CPU.Build.0 = Debug|Any CPU
	EndGlobalSection
	GlobalSection(SolutionProperties) = preSolution
		HideSolutionNode = FALSE
	EndGlobalSection
EndGlobal
